
Microsoft Visual Studio Solution File, Format Version 12.00
# Visual Studio Version 16
VisualStudioVersion = 16.0.32002.261
MinimumVisualStudioVersion = 10.0.40219.1
Project("{9A19103F-16F7-4668-BE54-9A1E7A4F7556}") = "CreditCompanyEF", "CreditCompanyEF\CreditCompanyEF.csproj", "{399164E3-6DE5-4067-A56A-EAF84AAE8869}"
EndProject
Project("{9A19103F-16F7-4668-BE54-9A1E7A4F7556}") = "Tools", "..\Tools\Tools\Tools.csproj", "{BED50B03-CF39-4585-8ACA-DA44405ADA80}"
EndProject
Global
	GlobalSection(SolutionConfigurationPlatforms) = preSolution
		Debug|Any CPU = Debug|Any CPU
		Release|Any CPU = Release|Any CPU
	EndGlobalSection
	GlobalSection(ProjectConfigurationPlatforms) = postSolution
		{399164E3-6DE5-4067-A56A-EAF84AAE8869}.Debug|Any CPU.ActiveCfg = Debug|Any CPU
		{399164E3-6DE5-4067-A56A-EAF84AAE8869}.Debug|Any CPU.Build.0 = Debug|Any CPU
		{399164E3-6DE5-4067-A56A-EAF84AAE8869}.Release|Any CPU.ActiveCfg = Release|Any CPU
		{399164E3-6DE5-4067-A56A-EAF84AAE8869}.Release|Any CPU.Build.0 = Release|Any CPU
		{BED50B03-CF39-4585-8ACA-DA44405ADA80}.Debug|Any CPU.ActiveCfg = Debug|Any CPU
		{BED50B03-CF39-4585-8ACA-DA44405ADA80}.Debug|Any CPU.Build.0 = Debug|Any CPU
		{BED50B03-CF39-4585-8ACA-DA44405ADA80}.Release|Any CPU.ActiveCfg = Release|Any CPU
		{BED50B03-CF39-4585-8ACA-DA44405ADA80}.Release|Any CPU.Build.0 = Release|Any CPU
	EndGlobalSection
	GlobalSection(SolutionProperties) = preSolution
		HideSolutionNode = FALSE
	EndGlobalSection
	GlobalSection(ExtensibilityGlobals) = postSolution
		SolutionGuid = {BC8112FB-7D38-4394-84DD-F8FE28091B6C}
	EndGlobalSection
EndGlobal
